// !$*UTF8*$!
{
	archiveVersion = 1;
	classes = {
	};
	objectVersion = 50;
	objects = {

/* Begin PBXBuildFile section */
		053A8D0020F9C71A003FE84F /* GenericTableCell.swift in Sources */ = {isa = PBXBuildFile; fileRef = 053A8CFF20F9C71A003FE84F /* GenericTableCell.swift */; };
		0541489420FF46E200EFC7C1 /* EditPosterViewController.swift in Sources */ = {isa = PBXBuildFile; fileRef = 0541489320FF46E200EFC7C1 /* EditPosterViewController.swift */; };
		0541489820FF62CA00EFC7C1 /* CoordinatorSettings.storyboard in Resources */ = {isa = PBXBuildFile; fileRef = 0541489720FF62CA00EFC7C1 /* CoordinatorSettings.storyboard */; };
		0541489B20FF6D5F00EFC7C1 /* AboutViewController.swift in Sources */ = {isa = PBXBuildFile; fileRef = 0541489A20FF6D5F00EFC7C1 /* AboutViewController.swift */; };
		0541489D2100E5ED00EFC7C1 /* CreateEAViewController.swift in Sources */ = {isa = PBXBuildFile; fileRef = 0541489C2100E5ED00EFC7C1 /* CreateEAViewController.swift */; };
		0558B2A920F5E09B009B62E4 /* EADetailViewController.swift in Sources */ = {isa = PBXBuildFile; fileRef = 0558B2A820F5E09B009B62E4 /* EADetailViewController.swift */; };
		0558B2AB20F5E3A4009B62E4 /* SettingsViewController.swift in Sources */ = {isa = PBXBuildFile; fileRef = 0558B2AA20F5E3A4009B62E4 /* SettingsViewController.swift */; };
		0558B2AD20F602AA009B62E4 /* StudentBulletinViewController.swift in Sources */ = {isa = PBXBuildFile; fileRef = 0558B2AC20F602AA009B62E4 /* StudentBulletinViewController.swift */; };
		0597CD4420F76523006B4590 /* HelperFunctions.swift in Sources */ = {isa = PBXBuildFile; fileRef = 0597CD4320F76522006B4590 /* HelperFunctions.swift */; };
		0597CD4520F76523006B4590 /* HelperFunctions.swift in Sources */ = {isa = PBXBuildFile; fileRef = 0597CD4320F76522006B4590 /* HelperFunctions.swift */; };
		0597CD4720F78985006B4590 /* TextEditorViewController.swift in Sources */ = {isa = PBXBuildFile; fileRef = 0597CD4620F78985006B4590 /* TextEditorViewController.swift */; };
		05ADD16720FB59C1008754A0 /* CreateNewEAViewController.swift in Sources */ = {isa = PBXBuildFile; fileRef = 05ADD16520FB59C1008754A0 /* CreateNewEAViewController.swift */; };
		05ECDEE420F9E7CE0075DBB3 /* AddLeaderViewController.swift in Sources */ = {isa = PBXBuildFile; fileRef = 05ECDEE320F9E7CE0075DBB3 /* AddLeaderViewController.swift */; };
		D0177FF220E67B3C003757A7 /* EAListViewController.swift in Sources */ = {isa = PBXBuildFile; fileRef = D0177FF120E67B3C003757A7 /* EAListViewController.swift */; };
		D0177FF420E67B59003757A7 /* EAListCell.swift in Sources */ = {isa = PBXBuildFile; fileRef = D0177FF320E67B59003757A7 /* EAListCell.swift */; };
		D0177FF520E67C25003757A7 /* EnrichmentActivity.swift in Sources */ = {isa = PBXBuildFile; fileRef = D0FEB70D20E128CC009CB82E /* EnrichmentActivity.swift */; };
		D0177FF720E6869D003757A7 /* EADescriptionViewController.swift in Sources */ = {isa = PBXBuildFile; fileRef = D0177FF620E6869D003757A7 /* EADescriptionViewController.swift */; };
		D0177FF920E77A98003757A7 /* SSZipArchive.m in Sources */ = {isa = PBXBuildFile; fileRef = D0FEB73A20E147AF009CB82E /* SSZipArchive.m */; };
		D0177FFB20E77AB0003757A7 /* libz.tbd in Frameworks */ = {isa = PBXBuildFile; fileRef = D0177FFA20E77AB0003757A7 /* libz.tbd */; };
		D0177FFC20E77ACB003757A7 /* crypt.c in Sources */ = {isa = PBXBuildFile; fileRef = D0FEB71520E147AF009CB82E /* crypt.c */; };
		D0177FFD20E77ACB003757A7 /* unzip.c in Sources */ = {isa = PBXBuildFile; fileRef = D0FEB71620E147AF009CB82E /* unzip.c */; };
		D0177FFE20E77ACB003757A7 /* zip.c in Sources */ = {isa = PBXBuildFile; fileRef = D0FEB71720E147AF009CB82E /* zip.c */; };
		D0177FFF20E77ACB003757A7 /* ioapi.c in Sources */ = {isa = PBXBuildFile; fileRef = D0FEB71920E147AF009CB82E /* ioapi.c */; };
		D017800020E77ACB003757A7 /* ioapi_buf.c in Sources */ = {isa = PBXBuildFile; fileRef = D0FEB71B20E147AF009CB82E /* ioapi_buf.c */; };
		D017800120E77ACB003757A7 /* ioapi_mem.c in Sources */ = {isa = PBXBuildFile; fileRef = D0FEB71F20E147AF009CB82E /* ioapi_mem.c */; };
		D017800220E77ACB003757A7 /* minishared.c in Sources */ = {isa = PBXBuildFile; fileRef = D0FEB72020E147AF009CB82E /* minishared.c */; };
		D017800320E77AD6003757A7 /* aeskey.c in Sources */ = {isa = PBXBuildFile; fileRef = D0FEB72620E147AF009CB82E /* aeskey.c */; };
		D017800420E77AD6003757A7 /* hmac.c in Sources */ = {isa = PBXBuildFile; fileRef = D0FEB72720E147AF009CB82E /* hmac.c */; };
		D017800520E77AD6003757A7 /* aescrypt.c in Sources */ = {isa = PBXBuildFile; fileRef = D0FEB72A20E147AF009CB82E /* aescrypt.c */; };
		D017800620E77AD6003757A7 /* fileenc.c in Sources */ = {isa = PBXBuildFile; fileRef = D0FEB72B20E147AF009CB82E /* fileenc.c */; };
		D017800720E77AD6003757A7 /* sha1.c in Sources */ = {isa = PBXBuildFile; fileRef = D0FEB72D20E147AF009CB82E /* sha1.c */; };
		D017800820E77AD6003757A7 /* aes_ni.c in Sources */ = {isa = PBXBuildFile; fileRef = D0FEB73020E147AF009CB82E /* aes_ni.c */; };
		D017800920E77AD6003757A7 /* prng.c in Sources */ = {isa = PBXBuildFile; fileRef = D0FEB73220E147AF009CB82E /* prng.c */; };
		D017800A20E77AD6003757A7 /* pwd2key.c in Sources */ = {isa = PBXBuildFile; fileRef = D0FEB73420E147AF009CB82E /* pwd2key.c */; };
		D017800B20E77AD6003757A7 /* aestab.c in Sources */ = {isa = PBXBuildFile; fileRef = D0FEB73520E147AF009CB82E /* aestab.c */; };
		D017800D20E77DB2003757A7 /* AccountProcessor.swift in Sources */ = {isa = PBXBuildFile; fileRef = D017800C20E77DB2003757A7 /* AccountProcessor.swift */; };
		D017800E20E77DB6003757A7 /* AccountProcessor.swift in Sources */ = {isa = PBXBuildFile; fileRef = D017800C20E77DB2003757A7 /* AccountProcessor.swift */; };
		D017801020E77FA9003757A7 /* MeViewController.swift in Sources */ = {isa = PBXBuildFile; fileRef = D017800F20E77FA9003757A7 /* MeViewController.swift */; };
		D025730420D8A1E30078AE89 /* AppDelegate.swift in Sources */ = {isa = PBXBuildFile; fileRef = D025730320D8A1E30078AE89 /* AppDelegate.swift */; };
		D025730920D8A1E30078AE89 /* Main.storyboard in Resources */ = {isa = PBXBuildFile; fileRef = D025730720D8A1E30078AE89 /* Main.storyboard */; };
		D025730B20D8A1E40078AE89 /* Assets.xcassets in Resources */ = {isa = PBXBuildFile; fileRef = D025730A20D8A1E40078AE89 /* Assets.xcassets */; };
		D025730E20D8A1E40078AE89 /* LaunchScreen.storyboard in Resources */ = {isa = PBXBuildFile; fileRef = D025730C20D8A1E40078AE89 /* LaunchScreen.storyboard */; };
		D041203E2102128000EDC5D4 /* CoordinatorSettingsViewController.swift in Sources */ = {isa = PBXBuildFile; fileRef = D041203C2102128000EDC5D4 /* CoordinatorSettingsViewController.swift */; };
		D042C18C20DB9FC00017DE4F /* UserSettings.storyboard in Resources */ = {isa = PBXBuildFile; fileRef = D042C18B20DB9FC00017DE4F /* UserSettings.storyboard */; };
		D042C18F20DBA0860017DE4F /* LoginViewController.swift in Sources */ = {isa = PBXBuildFile; fileRef = D042C18D20DBA0860017DE4F /* LoginViewController.swift */; };
		D0583CC220DB909E0099AC61 /* EAManagerViewController.swift in Sources */ = {isa = PBXBuildFile; fileRef = D0583CC020DB909E0099AC61 /* EAManagerViewController.swift */; };
		D05E85D42104BDA900EA4577 /* UserSettingsWindowController.swift in Sources */ = {isa = PBXBuildFile; fileRef = D05E85D32104BDA900EA4577 /* UserSettingsWindowController.swift */; };
		D05F2A7420D947480044C7F1 /* MainWindowController.swift in Sources */ = {isa = PBXBuildFile; fileRef = D05F2A7320D947480044C7F1 /* MainWindowController.swift */; };
		D083A74D20EB7CE9006E56B3 /* ManagerCellView.swift in Sources */ = {isa = PBXBuildFile; fileRef = D083A74C20EB7CE9006E56B3 /* ManagerCellView.swift */; };
		D085146D20EA6DEE00A331C5 /* KeychainHelper.swift in Sources */ = {isa = PBXBuildFile; fileRef = D085146C20EA6DEE00A331C5 /* KeychainHelper.swift */; };
		D085146E20EA6DF300A331C5 /* KeychainHelper.swift in Sources */ = {isa = PBXBuildFile; fileRef = D085146C20EA6DEE00A331C5 /* KeychainHelper.swift */; };
		D0A7661F20E27033001B4317 /* DescriptionViewController.swift in Sources */ = {isa = PBXBuildFile; fileRef = D0A7661E20E27033001B4317 /* DescriptionViewController.swift */; };
		D0A7662120E27049001B4317 /* LeaderSettingsViewController.swift in Sources */ = {isa = PBXBuildFile; fileRef = D0A7662020E27049001B4317 /* LeaderSettingsViewController.swift */; };
		D0A7662320E27056001B4317 /* AttendenceViewController.swift in Sources */ = {isa = PBXBuildFile; fileRef = D0A7662220E27056001B4317 /* AttendenceViewController.swift */; };
		D0A7662520E27FFA001B4317 /* EditDescriptionViewController.swift in Sources */ = {isa = PBXBuildFile; fileRef = D0A7662420E27FFA001B4317 /* EditDescriptionViewController.swift */; };
		D0B7C47520EC8DC4004DE8F3 /* UserAccount.swift in Sources */ = {isa = PBXBuildFile; fileRef = D0B7C47420EC8DC4004DE8F3 /* UserAccount.swift */; };
		D0B7C47620EC8DE7004DE8F3 /* UserAccount.swift in Sources */ = {isa = PBXBuildFile; fileRef = D0B7C47420EC8DC4004DE8F3 /* UserAccount.swift */; };
		D0B7C47820EC9620004DE8F3 /* AccountSettingsViewController.swift in Sources */ = {isa = PBXBuildFile; fileRef = D0B7C47720EC9620004DE8F3 /* AccountSettingsViewController.swift */; };
		D0B7C47A20ECFC2A004DE8F3 /* ProfileEditorViewController.swift in Sources */ = {isa = PBXBuildFile; fileRef = D0B7C47920ECFC2A004DE8F3 /* ProfileEditorViewController.swift */; };
		D0B7C47C20EF94BF004DE8F3 /* ManagerViewController.swift in Sources */ = {isa = PBXBuildFile; fileRef = D0B7C47B20EF94BF004DE8F3 /* ManagerViewController.swift */; };
		D0B7C47E20EF94D8004DE8F3 /* EAManageCell.swift in Sources */ = {isa = PBXBuildFile; fileRef = D0B7C47D20EF94D8004DE8F3 /* EAManageCell.swift */; };
		D0CCB37220E4FFA50009AC07 /* LoginWindowController.swift in Sources */ = {isa = PBXBuildFile; fileRef = D0CCB37120E4FFA50009AC07 /* LoginWindowController.swift */; };
		D0CCB37420E4FFDC0009AC07 /* RegisterViewController.swift in Sources */ = {isa = PBXBuildFile; fileRef = D0CCB37320E4FFDC0009AC07 /* RegisterViewController.swift */; };
		D0CCB37720E529840009AC07 /* AESCrypto.swift in Sources */ = {isa = PBXBuildFile; fileRef = D0CCB37620E529840009AC07 /* AESCrypto.swift */; };
		D0CCB37820E5298B0009AC07 /* AESCrypto.swift in Sources */ = {isa = PBXBuildFile; fileRef = D0CCB37620E529840009AC07 /* AESCrypto.swift */; };
		D0DB6AE320DA1FFC00BBE8F0 /* BulletinViewController.swift in Sources */ = {isa = PBXBuildFile; fileRef = D0DB6AE220DA1FFC00BBE8F0 /* BulletinViewController.swift */; };
		D0DB6AE520DA26DE00BBE8F0 /* BulletinWindowController.swift in Sources */ = {isa = PBXBuildFile; fileRef = D0DB6AE420DA26DE00BBE8F0 /* BulletinWindowController.swift */; };
		D0DB6AF020DA949D00BBE8F0 /* TitleBarHeight.swift in Sources */ = {isa = PBXBuildFile; fileRef = D0DB6AEF20DA949D00BBE8F0 /* TitleBarHeight.swift */; };
		D0DFCED820D8A41200DBB70E /* AppDelegate.swift in Sources */ = {isa = PBXBuildFile; fileRef = D0DFCED720D8A41200DBB70E /* AppDelegate.swift */; };
		D0DFCEDA20D8A41200DBB70E /* ViewController.swift in Sources */ = {isa = PBXBuildFile; fileRef = D0DFCED920D8A41200DBB70E /* ViewController.swift */; };
		D0DFCEDC20D8A41300DBB70E /* Assets.xcassets in Resources */ = {isa = PBXBuildFile; fileRef = D0DFCEDB20D8A41300DBB70E /* Assets.xcassets */; };
		D0DFCEDF20D8A41300DBB70E /* Main.storyboard in Resources */ = {isa = PBXBuildFile; fileRef = D0DFCEDD20D8A41300DBB70E /* Main.storyboard */; };
		D0FEB70520E0ECDD009CB82E /* GlobalVariables.swift in Sources */ = {isa = PBXBuildFile; fileRef = D0FEB70420E0ECDD009CB82E /* GlobalVariables.swift */; };
		D0FEB70620E0ED0C009CB82E /* GlobalVariables.swift in Sources */ = {isa = PBXBuildFile; fileRef = D0FEB70420E0ECDD009CB82E /* GlobalVariables.swift */; };
		D0FEB70920E0F6AD009CB82E /* MainInfoEditorViewController.swift in Sources */ = {isa = PBXBuildFile; fileRef = D0FEB70720E0F6AD009CB82E /* MainInfoEditorViewController.swift */; };
		D0FEB70C20E1280C009CB82E /* EAListCellView.swift in Sources */ = {isa = PBXBuildFile; fileRef = D0FEB70B20E1280C009CB82E /* EAListCellView.swift */; };
		D0FEB70E20E128CC009CB82E /* EnrichmentActivity.swift in Sources */ = {isa = PBXBuildFile; fileRef = D0FEB70D20E128CC009CB82E /* EnrichmentActivity.swift */; };
		D0FEB73C20E147AF009CB82E /* crypt.c in Sources */ = {isa = PBXBuildFile; fileRef = D0FEB71520E147AF009CB82E /* crypt.c */; };
		D0FEB73D20E147AF009CB82E /* unzip.c in Sources */ = {isa = PBXBuildFile; fileRef = D0FEB71620E147AF009CB82E /* unzip.c */; };
		D0FEB73E20E147AF009CB82E /* zip.c in Sources */ = {isa = PBXBuildFile; fileRef = D0FEB71720E147AF009CB82E /* zip.c */; };
		D0FEB73F20E147AF009CB82E /* ioapi.c in Sources */ = {isa = PBXBuildFile; fileRef = D0FEB71920E147AF009CB82E /* ioapi.c */; };
		D0FEB74020E147AF009CB82E /* ioapi_buf.c in Sources */ = {isa = PBXBuildFile; fileRef = D0FEB71B20E147AF009CB82E /* ioapi_buf.c */; };
		D0FEB74120E147AF009CB82E /* ioapi_mem.c in Sources */ = {isa = PBXBuildFile; fileRef = D0FEB71F20E147AF009CB82E /* ioapi_mem.c */; };
		D0FEB74220E147AF009CB82E /* minishared.c in Sources */ = {isa = PBXBuildFile; fileRef = D0FEB72020E147AF009CB82E /* minishared.c */; };
		D0FEB74320E147AF009CB82E /* aeskey.c in Sources */ = {isa = PBXBuildFile; fileRef = D0FEB72620E147AF009CB82E /* aeskey.c */; };
		D0FEB74420E147AF009CB82E /* hmac.c in Sources */ = {isa = PBXBuildFile; fileRef = D0FEB72720E147AF009CB82E /* hmac.c */; };
		D0FEB74520E147AF009CB82E /* aescrypt.c in Sources */ = {isa = PBXBuildFile; fileRef = D0FEB72A20E147AF009CB82E /* aescrypt.c */; };
		D0FEB74620E147AF009CB82E /* fileenc.c in Sources */ = {isa = PBXBuildFile; fileRef = D0FEB72B20E147AF009CB82E /* fileenc.c */; };
		D0FEB74720E147AF009CB82E /* sha1.c in Sources */ = {isa = PBXBuildFile; fileRef = D0FEB72D20E147AF009CB82E /* sha1.c */; };
		D0FEB74820E147AF009CB82E /* aes_ni.c in Sources */ = {isa = PBXBuildFile; fileRef = D0FEB73020E147AF009CB82E /* aes_ni.c */; };
		D0FEB74920E147B0009CB82E /* prng.c in Sources */ = {isa = PBXBuildFile; fileRef = D0FEB73220E147AF009CB82E /* prng.c */; };
		D0FEB74A20E147B0009CB82E /* pwd2key.c in Sources */ = {isa = PBXBuildFile; fileRef = D0FEB73420E147AF009CB82E /* pwd2key.c */; };
		D0FEB74B20E147B0009CB82E /* aestab.c in Sources */ = {isa = PBXBuildFile; fileRef = D0FEB73520E147AF009CB82E /* aestab.c */; };
		D0FEB74C20E147B0009CB82E /* SSZipArchive.m in Sources */ = {isa = PBXBuildFile; fileRef = D0FEB73A20E147AF009CB82E /* SSZipArchive.m */; };
		D0FEB74D20E147B0009CB82E /* Info.plist in Resources */ = {isa = PBXBuildFile; fileRef = D0FEB73B20E147AF009CB82E /* Info.plist */; };
		D0FEB75820E14864009CB82E /* libz.tbd in Frameworks */ = {isa = PBXBuildFile; fileRef = D0FEB75720E14864009CB82E /* libz.tbd */; };
/* End PBXBuildFile section */

/* Begin PBXFileReference section */
		053A8CFF20F9C71A003FE84F /* GenericTableCell.swift */ = {isa = PBXFileReference; lastKnownFileType = sourcecode.swift; path = GenericTableCell.swift; sourceTree = "<group>"; };
		0541489320FF46E200EFC7C1 /* EditPosterViewController.swift */ = {isa = PBXFileReference; lastKnownFileType = sourcecode.swift; path = EditPosterViewController.swift; sourceTree = "<group>"; };
		0541489720FF62CA00EFC7C1 /* CoordinatorSettings.storyboard */ = {isa = PBXFileReference; lastKnownFileType = file.storyboard; path = CoordinatorSettings.storyboard; sourceTree = "<group>"; };
		0541489A20FF6D5F00EFC7C1 /* AboutViewController.swift */ = {isa = PBXFileReference; lastKnownFileType = sourcecode.swift; path = AboutViewController.swift; sourceTree = "<group>"; };
		0541489C2100E5ED00EFC7C1 /* CreateEAViewController.swift */ = {isa = PBXFileReference; lastKnownFileType = sourcecode.swift; path = CreateEAViewController.swift; sourceTree = "<group>"; };
		0558B2A820F5E09B009B62E4 /* EADetailViewController.swift */ = {isa = PBXFileReference; lastKnownFileType = sourcecode.swift; path = EADetailViewController.swift; sourceTree = "<group>"; };
		0558B2AA20F5E3A4009B62E4 /* SettingsViewController.swift */ = {isa = PBXFileReference; lastKnownFileType = sourcecode.swift; path = SettingsViewController.swift; sourceTree = "<group>"; };
		0558B2AC20F602AA009B62E4 /* StudentBulletinViewController.swift */ = {isa = PBXFileReference; lastKnownFileType = sourcecode.swift; path = StudentBulletinViewController.swift; sourceTree = "<group>"; };
		0597CD4320F76522006B4590 /* HelperFunctions.swift */ = {isa = PBXFileReference; lastKnownFileType = sourcecode.swift; path = HelperFunctions.swift; sourceTree = "<group>"; };
		0597CD4620F78985006B4590 /* TextEditorViewController.swift */ = {isa = PBXFileReference; lastKnownFileType = sourcecode.swift; path = TextEditorViewController.swift; sourceTree = "<group>"; };
		05ADD16520FB59C1008754A0 /* CreateNewEAViewController.swift */ = {isa = PBXFileReference; lastKnownFileType = sourcecode.swift; path = CreateNewEAViewController.swift; sourceTree = "<group>"; };
		05ECDEE320F9E7CE0075DBB3 /* AddLeaderViewController.swift */ = {isa = PBXFileReference; lastKnownFileType = sourcecode.swift; path = AddLeaderViewController.swift; sourceTree = "<group>"; };
		D0177FF120E67B3C003757A7 /* EAListViewController.swift */ = {isa = PBXFileReference; lastKnownFileType = sourcecode.swift; path = EAListViewController.swift; sourceTree = "<group>"; };
		D0177FF320E67B59003757A7 /* EAListCell.swift */ = {isa = PBXFileReference; lastKnownFileType = sourcecode.swift; path = EAListCell.swift; sourceTree = "<group>"; };
		D0177FF620E6869D003757A7 /* EADescriptionViewController.swift */ = {isa = PBXFileReference; lastKnownFileType = sourcecode.swift; path = EADescriptionViewController.swift; sourceTree = "<group>"; };
		D0177FF820E77A14003757A7 /* EA-Center-Bridging-Header.h */ = {isa = PBXFileReference; lastKnownFileType = sourcecode.c.h; path = "EA-Center-Bridging-Header.h"; sourceTree = "<group>"; };
		D0177FFA20E77AB0003757A7 /* libz.tbd */ = {isa = PBXFileReference; lastKnownFileType = "sourcecode.text-based-dylib-definition"; name = libz.tbd; path = usr/lib/libz.tbd; sourceTree = SDKROOT; };
		D017800C20E77DB2003757A7 /* AccountProcessor.swift */ = {isa = PBXFileReference; lastKnownFileType = sourcecode.swift; path = AccountProcessor.swift; sourceTree = "<group>"; };
		D017800F20E77FA9003757A7 /* MeViewController.swift */ = {isa = PBXFileReference; lastKnownFileType = sourcecode.swift; path = MeViewController.swift; sourceTree = "<group>"; };
		D025730020D8A1E30078AE89 /* EA Center.app */ = {isa = PBXFileReference; explicitFileType = wrapper.application; includeInIndex = 0; path = "EA Center.app"; sourceTree = BUILT_PRODUCTS_DIR; };
		D025730320D8A1E30078AE89 /* AppDelegate.swift */ = {isa = PBXFileReference; lastKnownFileType = sourcecode.swift; path = AppDelegate.swift; sourceTree = "<group>"; };
		D025730820D8A1E30078AE89 /* Base */ = {isa = PBXFileReference; lastKnownFileType = file.storyboard; name = Base; path = Base.lproj/Main.storyboard; sourceTree = "<group>"; };
		D025730A20D8A1E40078AE89 /* Assets.xcassets */ = {isa = PBXFileReference; lastKnownFileType = folder.assetcatalog; path = Assets.xcassets; sourceTree = "<group>"; };
		D025730D20D8A1E40078AE89 /* Base */ = {isa = PBXFileReference; lastKnownFileType = file.storyboard; name = Base; path = Base.lproj/LaunchScreen.storyboard; sourceTree = "<group>"; };
		D025730F20D8A1E40078AE89 /* Info.plist */ = {isa = PBXFileReference; lastKnownFileType = text.plist.xml; path = Info.plist; sourceTree = "<group>"; };
		D041203C2102128000EDC5D4 /* CoordinatorSettingsViewController.swift */ = {isa = PBXFileReference; lastKnownFileType = sourcecode.swift; path = CoordinatorSettingsViewController.swift; sourceTree = "<group>"; };
		D042C18B20DB9FC00017DE4F /* UserSettings.storyboard */ = {isa = PBXFileReference; lastKnownFileType = file.storyboard; path = UserSettings.storyboard; sourceTree = "<group>"; };
		D042C18D20DBA0860017DE4F /* LoginViewController.swift */ = {isa = PBXFileReference; lastKnownFileType = sourcecode.swift; path = LoginViewController.swift; sourceTree = "<group>"; };
		D0583CC020DB909E0099AC61 /* EAManagerViewController.swift */ = {isa = PBXFileReference; lastKnownFileType = sourcecode.swift; path = EAManagerViewController.swift; sourceTree = "<group>"; };
		D05E85D32104BDA900EA4577 /* UserSettingsWindowController.swift */ = {isa = PBXFileReference; lastKnownFileType = sourcecode.swift; path = UserSettingsWindowController.swift; sourceTree = "<group>"; };
		D05F2A7320D947480044C7F1 /* MainWindowController.swift */ = {isa = PBXFileReference; lastKnownFileType = sourcecode.swift; path = MainWindowController.swift; sourceTree = "<group>"; };
		D083A74C20EB7CE9006E56B3 /* ManagerCellView.swift */ = {isa = PBXFileReference; lastKnownFileType = sourcecode.swift; path = ManagerCellView.swift; sourceTree = "<group>"; };
		D085146C20EA6DEE00A331C5 /* KeychainHelper.swift */ = {isa = PBXFileReference; lastKnownFileType = sourcecode.swift; path = KeychainHelper.swift; sourceTree = "<group>"; };
		D0A7661E20E27033001B4317 /* DescriptionViewController.swift */ = {isa = PBXFileReference; lastKnownFileType = sourcecode.swift; path = DescriptionViewController.swift; sourceTree = "<group>"; };
		D0A7662020E27049001B4317 /* LeaderSettingsViewController.swift */ = {isa = PBXFileReference; lastKnownFileType = sourcecode.swift; path = LeaderSettingsViewController.swift; sourceTree = "<group>"; };
		D0A7662220E27056001B4317 /* AttendenceViewController.swift */ = {isa = PBXFileReference; lastKnownFileType = sourcecode.swift; path = AttendenceViewController.swift; sourceTree = "<group>"; };
		D0A7662420E27FFA001B4317 /* EditDescriptionViewController.swift */ = {isa = PBXFileReference; lastKnownFileType = sourcecode.swift; path = EditDescriptionViewController.swift; sourceTree = "<group>"; };
		D0B7C47420EC8DC4004DE8F3 /* UserAccount.swift */ = {isa = PBXFileReference; lastKnownFileType = sourcecode.swift; path = UserAccount.swift; sourceTree = "<group>"; };
		D0B7C47720EC9620004DE8F3 /* AccountSettingsViewController.swift */ = {isa = PBXFileReference; lastKnownFileType = sourcecode.swift; path = AccountSettingsViewController.swift; sourceTree = "<group>"; };
		D0B7C47920ECFC2A004DE8F3 /* ProfileEditorViewController.swift */ = {isa = PBXFileReference; lastKnownFileType = sourcecode.swift; path = ProfileEditorViewController.swift; sourceTree = "<group>"; };
		D0B7C47B20EF94BF004DE8F3 /* ManagerViewController.swift */ = {isa = PBXFileReference; lastKnownFileType = sourcecode.swift; path = ManagerViewController.swift; sourceTree = "<group>"; };
		D0B7C47D20EF94D8004DE8F3 /* EAManageCell.swift */ = {isa = PBXFileReference; lastKnownFileType = sourcecode.swift; path = EAManageCell.swift; sourceTree = "<group>"; };
		D0CCB37120E4FFA50009AC07 /* LoginWindowController.swift */ = {isa = PBXFileReference; lastKnownFileType = sourcecode.swift; path = LoginWindowController.swift; sourceTree = "<group>"; };
		D0CCB37320E4FFDC0009AC07 /* RegisterViewController.swift */ = {isa = PBXFileReference; lastKnownFileType = sourcecode.swift; path = RegisterViewController.swift; sourceTree = "<group>"; };
		D0CCB37620E529840009AC07 /* AESCrypto.swift */ = {isa = PBXFileReference; lastKnownFileType = sourcecode.swift; path = AESCrypto.swift; sourceTree = "<group>"; };
		D0DB6AE220DA1FFC00BBE8F0 /* BulletinViewController.swift */ = {isa = PBXFileReference; lastKnownFileType = sourcecode.swift; path = BulletinViewController.swift; sourceTree = "<group>"; };
		D0DB6AE420DA26DE00BBE8F0 /* BulletinWindowController.swift */ = {isa = PBXFileReference; lastKnownFileType = sourcecode.swift; path = BulletinWindowController.swift; sourceTree = "<group>"; };
		D0DB6AE920DA53F900BBE8F0 /* EA Center Mac.entitlements */ = {isa = PBXFileReference; lastKnownFileType = text.plist.entitlements; path = "EA Center Mac.entitlements"; sourceTree = "<group>"; };
		D0DB6AEF20DA949D00BBE8F0 /* TitleBarHeight.swift */ = {isa = PBXFileReference; lastKnownFileType = sourcecode.swift; path = TitleBarHeight.swift; sourceTree = "<group>"; };
		D0DFCED520D8A41200DBB70E /* EA Center Mac.app */ = {isa = PBXFileReference; explicitFileType = wrapper.application; includeInIndex = 0; path = "EA Center Mac.app"; sourceTree = BUILT_PRODUCTS_DIR; };
		D0DFCED720D8A41200DBB70E /* AppDelegate.swift */ = {isa = PBXFileReference; lastKnownFileType = sourcecode.swift; path = AppDelegate.swift; sourceTree = "<group>"; };
		D0DFCED920D8A41200DBB70E /* ViewController.swift */ = {isa = PBXFileReference; lastKnownFileType = sourcecode.swift; path = ViewController.swift; sourceTree = "<group>"; };
		D0DFCEDB20D8A41300DBB70E /* Assets.xcassets */ = {isa = PBXFileReference; lastKnownFileType = folder.assetcatalog; path = Assets.xcassets; sourceTree = "<group>"; };
		D0DFCEDE20D8A41300DBB70E /* Base */ = {isa = PBXFileReference; lastKnownFileType = file.storyboard; name = Base; path = Base.lproj/Main.storyboard; sourceTree = "<group>"; };
		D0DFCEE020D8A41300DBB70E /* Info.plist */ = {isa = PBXFileReference; lastKnownFileType = text.plist.xml; path = Info.plist; sourceTree = "<group>"; };
		D0FEB70420E0ECDD009CB82E /* GlobalVariables.swift */ = {isa = PBXFileReference; lastKnownFileType = sourcecode.swift; path = GlobalVariables.swift; sourceTree = "<group>"; };
		D0FEB70720E0F6AD009CB82E /* MainInfoEditorViewController.swift */ = {isa = PBXFileReference; lastKnownFileType = sourcecode.swift; path = MainInfoEditorViewController.swift; sourceTree = "<group>"; };
		D0FEB70B20E1280C009CB82E /* EAListCellView.swift */ = {isa = PBXFileReference; lastKnownFileType = sourcecode.swift; path = EAListCellView.swift; sourceTree = "<group>"; };
		D0FEB70D20E128CC009CB82E /* EnrichmentActivity.swift */ = {isa = PBXFileReference; lastKnownFileType = sourcecode.swift; path = EnrichmentActivity.swift; sourceTree = "<group>"; };
		D0FEB71320E147AF009CB82E /* ZipArchive.h */ = {isa = PBXFileReference; fileEncoding = 4; lastKnownFileType = sourcecode.c.h; path = ZipArchive.h; sourceTree = "<group>"; };
		D0FEB71520E147AF009CB82E /* crypt.c */ = {isa = PBXFileReference; fileEncoding = 4; lastKnownFileType = sourcecode.c.c; path = crypt.c; sourceTree = "<group>"; };
		D0FEB71620E147AF009CB82E /* unzip.c */ = {isa = PBXFileReference; fileEncoding = 4; lastKnownFileType = sourcecode.c.c; path = unzip.c; sourceTree = "<group>"; };
		D0FEB71720E147AF009CB82E /* zip.c */ = {isa = PBXFileReference; fileEncoding = 4; lastKnownFileType = sourcecode.c.c; path = zip.c; sourceTree = "<group>"; };
		D0FEB71820E147AF009CB82E /* minishared.h */ = {isa = PBXFileReference; fileEncoding = 4; lastKnownFileType = sourcecode.c.h; path = minishared.h; sourceTree = "<group>"; };
		D0FEB71920E147AF009CB82E /* ioapi.c */ = {isa = PBXFileReference; fileEncoding = 4; lastKnownFileType = sourcecode.c.c; path = ioapi.c; sourceTree = "<group>"; };
		D0FEB71A20E147AF009CB82E /* ioapi_mem.h */ = {isa = PBXFileReference; fileEncoding = 4; lastKnownFileType = sourcecode.c.h; path = ioapi_mem.h; sourceTree = "<group>"; };
		D0FEB71B20E147AF009CB82E /* ioapi_buf.c */ = {isa = PBXFileReference; fileEncoding = 4; lastKnownFileType = sourcecode.c.c; path = ioapi_buf.c; sourceTree = "<group>"; };
		D0FEB71C20E147AF009CB82E /* crypt.h */ = {isa = PBXFileReference; fileEncoding = 4; lastKnownFileType = sourcecode.c.h; path = crypt.h; sourceTree = "<group>"; };
		D0FEB71D20E147AF009CB82E /* zip.h */ = {isa = PBXFileReference; fileEncoding = 4; lastKnownFileType = sourcecode.c.h; path = zip.h; sourceTree = "<group>"; };
		D0FEB71E20E147AF009CB82E /* unzip.h */ = {isa = PBXFileReference; fileEncoding = 4; lastKnownFileType = sourcecode.c.h; path = unzip.h; sourceTree = "<group>"; };
		D0FEB71F20E147AF009CB82E /* ioapi_mem.c */ = {isa = PBXFileReference; fileEncoding = 4; lastKnownFileType = sourcecode.c.c; path = ioapi_mem.c; sourceTree = "<group>"; };
		D0FEB72020E147AF009CB82E /* minishared.c */ = {isa = PBXFileReference; fileEncoding = 4; lastKnownFileType = sourcecode.c.c; path = minishared.c; sourceTree = "<group>"; };
		D0FEB72120E147AF009CB82E /* ioapi.h */ = {isa = PBXFileReference; fileEncoding = 4; lastKnownFileType = sourcecode.c.h; path = ioapi.h; sourceTree = "<group>"; };
		D0FEB72220E147AF009CB82E /* ioapi_buf.h */ = {isa = PBXFileReference; fileEncoding = 4; lastKnownFileType = sourcecode.c.h; path = ioapi_buf.h; sourceTree = "<group>"; };
		D0FEB72420E147AF009CB82E /* prng.h */ = {isa = PBXFileReference; fileEncoding = 4; lastKnownFileType = sourcecode.c.h; path = prng.h; sourceTree = "<group>"; };
		D0FEB72520E147AF009CB82E /* aes_ni.h */ = {isa = PBXFileReference; fileEncoding = 4; lastKnownFileType = sourcecode.c.h; path = aes_ni.h; sourceTree = "<group>"; };
		D0FEB72620E147AF009CB82E /* aeskey.c */ = {isa = PBXFileReference; fileEncoding = 4; lastKnownFileType = sourcecode.c.c; path = aeskey.c; sourceTree = "<group>"; };
		D0FEB72720E147AF009CB82E /* hmac.c */ = {isa = PBXFileReference; fileEncoding = 4; lastKnownFileType = sourcecode.c.c; path = hmac.c; sourceTree = "<group>"; };
		D0FEB72820E147AF009CB82E /* aestab.h */ = {isa = PBXFileReference; fileEncoding = 4; lastKnownFileType = sourcecode.c.h; path = aestab.h; sourceTree = "<group>"; };
		D0FEB72920E147AF009CB82E /* pwd2key.h */ = {isa = PBXFileReference; fileEncoding = 4; lastKnownFileType = sourcecode.c.h; path = pwd2key.h; sourceTree = "<group>"; };
		D0FEB72A20E147AF009CB82E /* aescrypt.c */ = {isa = PBXFileReference; fileEncoding = 4; lastKnownFileType = sourcecode.c.c; path = aescrypt.c; sourceTree = "<group>"; };
		D0FEB72B20E147AF009CB82E /* fileenc.c */ = {isa = PBXFileReference; fileEncoding = 4; lastKnownFileType = sourcecode.c.c; path = fileenc.c; sourceTree = "<group>"; };
		D0FEB72C20E147AF009CB82E /* aesopt.h */ = {isa = PBXFileReference; fileEncoding = 4; lastKnownFileType = sourcecode.c.h; path = aesopt.h; sourceTree = "<group>"; };
		D0FEB72D20E147AF009CB82E /* sha1.c */ = {isa = PBXFileReference; fileEncoding = 4; lastKnownFileType = sourcecode.c.c; path = sha1.c; sourceTree = "<group>"; };
		D0FEB72E20E147AF009CB82E /* brg_types.h */ = {isa = PBXFileReference; fileEncoding = 4; lastKnownFileType = sourcecode.c.h; path = brg_types.h; sourceTree = "<group>"; };
		D0FEB72F20E147AF009CB82E /* hmac.h */ = {isa = PBXFileReference; fileEncoding = 4; lastKnownFileType = sourcecode.c.h; path = hmac.h; sourceTree = "<group>"; };
		D0FEB73020E147AF009CB82E /* aes_ni.c */ = {isa = PBXFileReference; fileEncoding = 4; lastKnownFileType = sourcecode.c.c; path = aes_ni.c; sourceTree = "<group>"; };
		D0FEB73120E147AF009CB82E /* brg_endian.h */ = {isa = PBXFileReference; fileEncoding = 4; lastKnownFileType = sourcecode.c.h; path = brg_endian.h; sourceTree = "<group>"; };
		D0FEB73220E147AF009CB82E /* prng.c */ = {isa = PBXFileReference; fileEncoding = 4; lastKnownFileType = sourcecode.c.c; path = prng.c; sourceTree = "<group>"; };
		D0FEB73320E147AF009CB82E /* aes.h */ = {isa = PBXFileReference; fileEncoding = 4; lastKnownFileType = sourcecode.c.h; path = aes.h; sourceTree = "<group>"; };
		D0FEB73420E147AF009CB82E /* pwd2key.c */ = {isa = PBXFileReference; fileEncoding = 4; lastKnownFileType = sourcecode.c.c; path = pwd2key.c; sourceTree = "<group>"; };
		D0FEB73520E147AF009CB82E /* aestab.c */ = {isa = PBXFileReference; fileEncoding = 4; lastKnownFileType = sourcecode.c.c; path = aestab.c; sourceTree = "<group>"; };
		D0FEB73620E147AF009CB82E /* sha1.h */ = {isa = PBXFileReference; fileEncoding = 4; lastKnownFileType = sourcecode.c.h; path = sha1.h; sourceTree = "<group>"; };
		D0FEB73720E147AF009CB82E /* fileenc.h */ = {isa = PBXFileReference; fileEncoding = 4; lastKnownFileType = sourcecode.c.h; path = fileenc.h; sourceTree = "<group>"; };
		D0FEB73820E147AF009CB82E /* SSZipArchive.h */ = {isa = PBXFileReference; fileEncoding = 4; lastKnownFileType = sourcecode.c.h; path = SSZipArchive.h; sourceTree = "<group>"; };
		D0FEB73920E147AF009CB82E /* SSZipCommon.h */ = {isa = PBXFileReference; fileEncoding = 4; lastKnownFileType = sourcecode.c.h; path = SSZipCommon.h; sourceTree = "<group>"; };
		D0FEB73A20E147AF009CB82E /* SSZipArchive.m */ = {isa = PBXFileReference; fileEncoding = 4; lastKnownFileType = sourcecode.c.objc; path = SSZipArchive.m; sourceTree = "<group>"; };
		D0FEB73B20E147AF009CB82E /* Info.plist */ = {isa = PBXFileReference; fileEncoding = 4; lastKnownFileType = text.plist.xml; path = Info.plist; sourceTree = "<group>"; };
		D0FEB75620E14807009CB82E /* EA-Center-Mac-Bridging-Header.h */ = {isa = PBXFileReference; lastKnownFileType = sourcecode.c.h; path = "EA-Center-Mac-Bridging-Header.h"; sourceTree = "<group>"; };
		D0FEB75720E14864009CB82E /* libz.tbd */ = {isa = PBXFileReference; lastKnownFileType = "sourcecode.text-based-dylib-definition"; name = libz.tbd; path = Platforms/MacOSX.platform/Developer/SDKs/MacOSX10.14.sdk/usr/lib/libz.tbd; sourceTree = DEVELOPER_DIR; };
/* End PBXFileReference section */

/* Begin PBXFrameworksBuildPhase section */
		D02572FD20D8A1E30078AE89 /* Frameworks */ = {
			isa = PBXFrameworksBuildPhase;
			buildActionMask = 2147483647;
			files = (
				D0177FFB20E77AB0003757A7 /* libz.tbd in Frameworks */,
			);
			runOnlyForDeploymentPostprocessing = 0;
		};
		D0DFCED220D8A41200DBB70E /* Frameworks */ = {
			isa = PBXFrameworksBuildPhase;
			buildActionMask = 2147483647;
			files = (
				D0FEB75820E14864009CB82E /* libz.tbd in Frameworks */,
			);
			runOnlyForDeploymentPostprocessing = 0;
		};
/* End PBXFrameworksBuildPhase section */

/* Begin PBXGroup section */
		D02572F720D8A1E30078AE89 = {
			isa = PBXGroup;
			children = (
				0597CD4320F76522006B4590 /* HelperFunctions.swift */,
				D0B7C47420EC8DC4004DE8F3 /* UserAccount.swift */,
				D0FEB70420E0ECDD009CB82E /* GlobalVariables.swift */,
				D017800C20E77DB2003757A7 /* AccountProcessor.swift */,
				D085146C20EA6DEE00A331C5 /* KeychainHelper.swift */,
				D0CCB37620E529840009AC07 /* AESCrypto.swift */,
				D0FEB70D20E128CC009CB82E /* EnrichmentActivity.swift */,
				D0FEB71220E147AF009CB82E /* SSZipArchive */,
				D025730220D8A1E30078AE89 /* EA Center */,
				D0DFCED620D8A41200DBB70E /* EA Center Mac */,
				D025730120D8A1E30078AE89 /* Products */,
				D0DB6AEA20DA682000BBE8F0 /* Frameworks */,
			);
			sourceTree = "<group>";
		};
		D025730120D8A1E30078AE89 /* Products */ = {
			isa = PBXGroup;
			children = (
				D025730020D8A1E30078AE89 /* EA Center.app */,
				D0DFCED520D8A41200DBB70E /* EA Center Mac.app */,
			);
			name = Products;
			sourceTree = "<group>";
		};
		D025730220D8A1E30078AE89 /* EA Center */ = {
			isa = PBXGroup;
			children = (
				D025730320D8A1E30078AE89 /* AppDelegate.swift */,
				D0177FF120E67B3C003757A7 /* EAListViewController.swift */,
				D0177FF320E67B59003757A7 /* EAListCell.swift */,
				D0177FF620E6869D003757A7 /* EADescriptionViewController.swift */,
				D0B7C47B20EF94BF004DE8F3 /* ManagerViewController.swift */,
				0541489320FF46E200EFC7C1 /* EditPosterViewController.swift */,
				D0B7C47D20EF94D8004DE8F3 /* EAManageCell.swift */,
				0558B2A820F5E09B009B62E4 /* EADetailViewController.swift */,
				D017800F20E77FA9003757A7 /* MeViewController.swift */,
				D0B7C47920ECFC2A004DE8F3 /* ProfileEditorViewController.swift */,
				0558B2AA20F5E3A4009B62E4 /* SettingsViewController.swift */,
				0597CD4620F78985006B4590 /* TextEditorViewController.swift */,
				0558B2AC20F602AA009B62E4 /* StudentBulletinViewController.swift */,
				0541489A20FF6D5F00EFC7C1 /* AboutViewController.swift */,
				053A8CFF20F9C71A003FE84F /* GenericTableCell.swift */,
				0541489C2100E5ED00EFC7C1 /* CreateEAViewController.swift */,
				D025730720D8A1E30078AE89 /* Main.storyboard */,
				D025730A20D8A1E40078AE89 /* Assets.xcassets */,
				D025730C20D8A1E40078AE89 /* LaunchScreen.storyboard */,
				D025730F20D8A1E40078AE89 /* Info.plist */,
				D0177FF820E77A14003757A7 /* EA-Center-Bridging-Header.h */,
			);
			path = "EA Center";
			sourceTree = "<group>";
		};
		D041203B2102126A00EDC5D4 /* Supervisor Settings */ = {
			isa = PBXGroup;
			children = (
				D041203C2102128000EDC5D4 /* CoordinatorSettingsViewController.swift */,
			);
			path = "Supervisor Settings";
			sourceTree = "<group>";
		};
		D0A7661D20E27006001B4317 /* Manage EA Info Settings */ = {
			isa = PBXGroup;
			children = (
				D0583CC020DB909E0099AC61 /* EAManagerViewController.swift */,
				D083A74C20EB7CE9006E56B3 /* ManagerCellView.swift */,
				05ADD16520FB59C1008754A0 /* CreateNewEAViewController.swift */,
				D0FEB70720E0F6AD009CB82E /* MainInfoEditorViewController.swift */,
				D0A7662220E27056001B4317 /* AttendenceViewController.swift */,
				D0A7662020E27049001B4317 /* LeaderSettingsViewController.swift */,
				05ECDEE320F9E7CE0075DBB3 /* AddLeaderViewController.swift */,
				D0A7661E20E27033001B4317 /* DescriptionViewController.swift */,
				D0A7662420E27FFA001B4317 /* EditDescriptionViewController.swift */,
			);
			path = "Manage EA Info Settings";
			sourceTree = "<group>";
		};
		D0CCB37520E4FFE40009AC07 /* Account Management */ = {
			isa = PBXGroup;
			children = (
				D0CCB37120E4FFA50009AC07 /* LoginWindowController.swift */,
				D042C18D20DBA0860017DE4F /* LoginViewController.swift */,
				D0CCB37320E4FFDC0009AC07 /* RegisterViewController.swift */,
				D0B7C47720EC9620004DE8F3 /* AccountSettingsViewController.swift */,
				D05E85D32104BDA900EA4577 /* UserSettingsWindowController.swift */,
			);
			path = "Account Management";
			sourceTree = "<group>";
		};
		D0DB6AEA20DA682000BBE8F0 /* Frameworks */ = {
			isa = PBXGroup;
			children = (
				D0177FFA20E77AB0003757A7 /* libz.tbd */,
				D0FEB75720E14864009CB82E /* libz.tbd */,
			);
			name = Frameworks;
			sourceTree = "<group>";
		};
		D0DFCED620D8A41200DBB70E /* EA Center Mac */ = {
			isa = PBXGroup;
			children = (
				D0DB6AE920DA53F900BBE8F0 /* EA Center Mac.entitlements */,
				D0DFCED720D8A41200DBB70E /* AppDelegate.swift */,
				D0DFCED920D8A41200DBB70E /* ViewController.swift */,
				D0FEB70B20E1280C009CB82E /* EAListCellView.swift */,
				D05F2A7320D947480044C7F1 /* MainWindowController.swift */,
				D0DB6AE220DA1FFC00BBE8F0 /* BulletinViewController.swift */,
				D0DB6AE420DA26DE00BBE8F0 /* BulletinWindowController.swift */,
				D0CCB37520E4FFE40009AC07 /* Account Management */,
				D0A7661D20E27006001B4317 /* Manage EA Info Settings */,
				D041203B2102126A00EDC5D4 /* Supervisor Settings */,
				D0DFCEDB20D8A41300DBB70E /* Assets.xcassets */,
				D0DFCEDD20D8A41300DBB70E /* Main.storyboard */,
				D042C18B20DB9FC00017DE4F /* UserSettings.storyboard */,
				0541489720FF62CA00EFC7C1 /* CoordinatorSettings.storyboard */,
				D0DFCEE020D8A41300DBB70E /* Info.plist */,
				D0DB6AEF20DA949D00BBE8F0 /* TitleBarHeight.swift */,
				D0FEB75620E14807009CB82E /* EA-Center-Mac-Bridging-Header.h */,
			);
			path = "EA Center Mac";
			sourceTree = "<group>";
		};
		D0FEB71220E147AF009CB82E /* SSZipArchive */ = {
			isa = PBXGroup;
			children = (
				D0FEB71320E147AF009CB82E /* ZipArchive.h */,
				D0FEB71420E147AF009CB82E /* minizip */,
				D0FEB73820E147AF009CB82E /* SSZipArchive.h */,
				D0FEB73920E147AF009CB82E /* SSZipCommon.h */,
				D0FEB73A20E147AF009CB82E /* SSZipArchive.m */,
				D0FEB73B20E147AF009CB82E /* Info.plist */,
			);
			path = SSZipArchive;
			sourceTree = "<group>";
		};
		D0FEB71420E147AF009CB82E /* minizip */ = {
			isa = PBXGroup;
			children = (
				D0FEB71520E147AF009CB82E /* crypt.c */,
				D0FEB71620E147AF009CB82E /* unzip.c */,
				D0FEB71720E147AF009CB82E /* zip.c */,
				D0FEB71820E147AF009CB82E /* minishared.h */,
				D0FEB71920E147AF009CB82E /* ioapi.c */,
				D0FEB71A20E147AF009CB82E /* ioapi_mem.h */,
				D0FEB71B20E147AF009CB82E /* ioapi_buf.c */,
				D0FEB71C20E147AF009CB82E /* crypt.h */,
				D0FEB71D20E147AF009CB82E /* zip.h */,
				D0FEB71E20E147AF009CB82E /* unzip.h */,
				D0FEB71F20E147AF009CB82E /* ioapi_mem.c */,
				D0FEB72020E147AF009CB82E /* minishared.c */,
				D0FEB72120E147AF009CB82E /* ioapi.h */,
				D0FEB72220E147AF009CB82E /* ioapi_buf.h */,
				D0FEB72320E147AF009CB82E /* aes */,
			);
			path = minizip;
			sourceTree = "<group>";
		};
		D0FEB72320E147AF009CB82E /* aes */ = {
			isa = PBXGroup;
			children = (
				D0FEB72420E147AF009CB82E /* prng.h */,
				D0FEB72520E147AF009CB82E /* aes_ni.h */,
				D0FEB72620E147AF009CB82E /* aeskey.c */,
				D0FEB72720E147AF009CB82E /* hmac.c */,
				D0FEB72820E147AF009CB82E /* aestab.h */,
				D0FEB72920E147AF009CB82E /* pwd2key.h */,
				D0FEB72A20E147AF009CB82E /* aescrypt.c */,
				D0FEB72B20E147AF009CB82E /* fileenc.c */,
				D0FEB72C20E147AF009CB82E /* aesopt.h */,
				D0FEB72D20E147AF009CB82E /* sha1.c */,
				D0FEB72E20E147AF009CB82E /* brg_types.h */,
				D0FEB72F20E147AF009CB82E /* hmac.h */,
				D0FEB73020E147AF009CB82E /* aes_ni.c */,
				D0FEB73120E147AF009CB82E /* brg_endian.h */,
				D0FEB73220E147AF009CB82E /* prng.c */,
				D0FEB73320E147AF009CB82E /* aes.h */,
				D0FEB73420E147AF009CB82E /* pwd2key.c */,
				D0FEB73520E147AF009CB82E /* aestab.c */,
				D0FEB73620E147AF009CB82E /* sha1.h */,
				D0FEB73720E147AF009CB82E /* fileenc.h */,
			);
			path = aes;
			sourceTree = "<group>";
		};
/* End PBXGroup section */

/* Begin PBXNativeTarget section */
		D02572FF20D8A1E30078AE89 /* EA Center */ = {
			isa = PBXNativeTarget;
			buildConfigurationList = D025731220D8A1E40078AE89 /* Build configuration list for PBXNativeTarget "EA Center" */;
			buildPhases = (
				D02572FC20D8A1E30078AE89 /* Sources */,
				D02572FD20D8A1E30078AE89 /* Frameworks */,
				D02572FE20D8A1E30078AE89 /* Resources */,
			);
			buildRules = (
			);
			dependencies = (
			);
			name = "EA Center";
			productName = "EA Center";
			productReference = D025730020D8A1E30078AE89 /* EA Center.app */;
			productType = "com.apple.product-type.application";
		};
		D0DFCED420D8A41200DBB70E /* EA Center Mac */ = {
			isa = PBXNativeTarget;
			buildConfigurationList = D0DFCEE420D8A41300DBB70E /* Build configuration list for PBXNativeTarget "EA Center Mac" */;
			buildPhases = (
				D0DFCED120D8A41200DBB70E /* Sources */,
				D0DFCED220D8A41200DBB70E /* Frameworks */,
				D0DFCED320D8A41200DBB70E /* Resources */,
			);
			buildRules = (
			);
			dependencies = (
			);
			name = "EA Center Mac";
			productName = "EA Center Mac";
			productReference = D0DFCED520D8A41200DBB70E /* EA Center Mac.app */;
			productType = "com.apple.product-type.application";
		};
/* End PBXNativeTarget section */

/* Begin PBXProject section */
		D02572F820D8A1E30078AE89 /* Project object */ = {
			isa = PBXProject;
			attributes = {
				LastSwiftUpdateCheck = 1000;
				LastUpgradeCheck = 1000;
				ORGANIZATIONNAME = "Tom Shen";
				TargetAttributes = {
					D02572FF20D8A1E30078AE89 = {
						CreatedOnToolsVersion = 10.0;
					};
					D0DFCED420D8A41200DBB70E = {
						CreatedOnToolsVersion = 10.0;
						SystemCapabilities = {
							com.apple.GameCenter.Mac = {
								enabled = 0;
							};
							com.apple.HardenedRuntime = {
								enabled = 0;
							};
							com.apple.Sandbox = {
								enabled = 1;
							};
						};
					};
				};
			};
			buildConfigurationList = D02572FB20D8A1E30078AE89 /* Build configuration list for PBXProject "EA Center" */;
			compatibilityVersion = "Xcode 9.3";
			developmentRegion = en;
			hasScannedForEncodings = 0;
			knownRegions = (
				en,
				Base,
			);
			mainGroup = D02572F720D8A1E30078AE89;
			productRefGroup = D025730120D8A1E30078AE89 /* Products */;
			projectDirPath = "";
			projectRoot = "";
			targets = (
				D02572FF20D8A1E30078AE89 /* EA Center */,
				D0DFCED420D8A41200DBB70E /* EA Center Mac */,
			);
		};
/* End PBXProject section */

/* Begin PBXResourcesBuildPhase section */
		D02572FE20D8A1E30078AE89 /* Resources */ = {
			isa = PBXResourcesBuildPhase;
			buildActionMask = 2147483647;
			files = (
				D025730E20D8A1E40078AE89 /* LaunchScreen.storyboard in Resources */,
				D025730B20D8A1E40078AE89 /* Assets.xcassets in Resources */,
				D025730920D8A1E30078AE89 /* Main.storyboard in Resources */,
			);
			runOnlyForDeploymentPostprocessing = 0;
		};
		D0DFCED320D8A41200DBB70E /* Resources */ = {
			isa = PBXResourcesBuildPhase;
			buildActionMask = 2147483647;
			files = (
				D0FEB74D20E147B0009CB82E /* Info.plist in Resources */,
				D0DFCEDC20D8A41300DBB70E /* Assets.xcassets in Resources */,
				D0DFCEDF20D8A41300DBB70E /* Main.storyboard in Resources */,
				D042C18C20DB9FC00017DE4F /* UserSettings.storyboard in Resources */,
				0541489820FF62CA00EFC7C1 /* CoordinatorSettings.storyboard in Resources */,
			);
			runOnlyForDeploymentPostprocessing = 0;
		};
/* End PBXResourcesBuildPhase section */

/* Begin PBXSourcesBuildPhase section */
		D02572FC20D8A1E30078AE89 /* Sources */ = {
			isa = PBXSourcesBuildPhase;
			buildActionMask = 2147483647;
			files = (
				0541489D2100E5ED00EFC7C1 /* CreateEAViewController.swift in Sources */,
				D0CCB37820E5298B0009AC07 /* AESCrypto.swift in Sources */,
				0597CD4720F78985006B4590 /* TextEditorViewController.swift in Sources */,
				D017800220E77ACB003757A7 /* minishared.c in Sources */,
				D017800520E77AD6003757A7 /* aescrypt.c in Sources */,
				D0177FFF20E77ACB003757A7 /* ioapi.c in Sources */,
				D017800320E77AD6003757A7 /* aeskey.c in Sources */,
				D017800020E77ACB003757A7 /* ioapi_buf.c in Sources */,
				D0177FFD20E77ACB003757A7 /* unzip.c in Sources */,
				D017800420E77AD6003757A7 /* hmac.c in Sources */,
				D017800620E77AD6003757A7 /* fileenc.c in Sources */,
				D0FEB70620E0ED0C009CB82E /* GlobalVariables.swift in Sources */,
				D017800820E77AD6003757A7 /* aes_ni.c in Sources */,
				D0B7C47520EC8DC4004DE8F3 /* UserAccount.swift in Sources */,
				D085146D20EA6DEE00A331C5 /* KeychainHelper.swift in Sources */,
				D017800B20E77AD6003757A7 /* aestab.c in Sources */,
				D0177FF920E77A98003757A7 /* SSZipArchive.m in Sources */,
				D0177FF520E67C25003757A7 /* EnrichmentActivity.swift in Sources */,
				D0177FFC20E77ACB003757A7 /* crypt.c in Sources */,
				0597CD4420F76523006B4590 /* HelperFunctions.swift in Sources */,
				0558B2A920F5E09B009B62E4 /* EADetailViewController.swift in Sources */,
				D0B7C47C20EF94BF004DE8F3 /* ManagerViewController.swift in Sources */,
				0541489420FF46E200EFC7C1 /* EditPosterViewController.swift in Sources */,
				D017800D20E77DB2003757A7 /* AccountProcessor.swift in Sources */,
				D017800120E77ACB003757A7 /* ioapi_mem.c in Sources */,
				0541489B20FF6D5F00EFC7C1 /* AboutViewController.swift in Sources */,
				D017801020E77FA9003757A7 /* MeViewController.swift in Sources */,
				0558B2AD20F602AA009B62E4 /* StudentBulletinViewController.swift in Sources */,
				D017800A20E77AD6003757A7 /* pwd2key.c in Sources */,
				D0177FF220E67B3C003757A7 /* EAListViewController.swift in Sources */,
				D025730420D8A1E30078AE89 /* AppDelegate.swift in Sources */,
				D0177FFE20E77ACB003757A7 /* zip.c in Sources */,
				D017800720E77AD6003757A7 /* sha1.c in Sources */,
				D017800920E77AD6003757A7 /* prng.c in Sources */,
				0558B2AB20F5E3A4009B62E4 /* SettingsViewController.swift in Sources */,
				D0B7C47E20EF94D8004DE8F3 /* EAManageCell.swift in Sources */,
				D0B7C47A20ECFC2A004DE8F3 /* ProfileEditorViewController.swift in Sources */,
				D0177FF420E67B59003757A7 /* EAListCell.swift in Sources */,
				053A8D0020F9C71A003FE84F /* GenericTableCell.swift in Sources */,
				D0177FF720E6869D003757A7 /* EADescriptionViewController.swift in Sources */,
			);
			runOnlyForDeploymentPostprocessing = 0;
		};
		D0DFCED120D8A41200DBB70E /* Sources */ = {
			isa = PBXSourcesBuildPhase;
			buildActionMask = 2147483647;
			files = (
				D0FEB74920E147B0009CB82E /* prng.c in Sources */,
				D0FEB74620E147AF009CB82E /* fileenc.c in Sources */,
				D0A7662120E27049001B4317 /* LeaderSettingsViewController.swift in Sources */,
				D0FEB74B20E147B0009CB82E /* aestab.c in Sources */,
				D0FEB74320E147AF009CB82E /* aeskey.c in Sources */,
				05ADD16720FB59C1008754A0 /* CreateNewEAViewController.swift in Sources */,
				D0B7C47820EC9620004DE8F3 /* AccountSettingsViewController.swift in Sources */,
				D0DFCEDA20D8A41200DBB70E /* ViewController.swift in Sources */,
				D017800E20E77DB6003757A7 /* AccountProcessor.swift in Sources */,
				D041203E2102128000EDC5D4 /* CoordinatorSettingsViewController.swift in Sources */,
				D0DB6AE520DA26DE00BBE8F0 /* BulletinWindowController.swift in Sources */,
				D0583CC220DB909E0099AC61 /* EAManagerViewController.swift in Sources */,
				D0FEB74720E147AF009CB82E /* sha1.c in Sources */,
				D0FEB70920E0F6AD009CB82E /* MainInfoEditorViewController.swift in Sources */,
				D0FEB73C20E147AF009CB82E /* crypt.c in Sources */,
				D0FEB70C20E1280C009CB82E /* EAListCellView.swift in Sources */,
				D0FEB73D20E147AF009CB82E /* unzip.c in Sources */,
				D0DB6AE320DA1FFC00BBE8F0 /* BulletinViewController.swift in Sources */,
				D0FEB74A20E147B0009CB82E /* pwd2key.c in Sources */,
				D0FEB74220E147AF009CB82E /* minishared.c in Sources */,
				D0A7662320E27056001B4317 /* AttendenceViewController.swift in Sources */,
				D0CCB37720E529840009AC07 /* AESCrypto.swift in Sources */,
				D0FEB73E20E147AF009CB82E /* zip.c in Sources */,
				D0A7662520E27FFA001B4317 /* EditDescriptionViewController.swift in Sources */,
				D083A74D20EB7CE9006E56B3 /* ManagerCellView.swift in Sources */,
				D0FEB70520E0ECDD009CB82E /* GlobalVariables.swift in Sources */,
				D0FEB70E20E128CC009CB82E /* EnrichmentActivity.swift in Sources */,
				D05E85D42104BDA900EA4577 /* UserSettingsWindowController.swift in Sources */,
				D0FEB74020E147AF009CB82E /* ioapi_buf.c in Sources */,
				D0DFCED820D8A41200DBB70E /* AppDelegate.swift in Sources */,
				D0FEB74520E147AF009CB82E /* aescrypt.c in Sources */,
				D0FEB74420E147AF009CB82E /* hmac.c in Sources */,
				D0FEB74820E147AF009CB82E /* aes_ni.c in Sources */,
				D0CCB37420E4FFDC0009AC07 /* RegisterViewController.swift in Sources */,
				D0CCB37220E4FFA50009AC07 /* LoginWindowController.swift in Sources */,
				D05F2A7420D947480044C7F1 /* MainWindowController.swift in Sources */,
				0597CD4520F76523006B4590 /* HelperFunctions.swift in Sources */,
				D042C18F20DBA0860017DE4F /* LoginViewController.swift in Sources */,
				D0FEB74C20E147B0009CB82E /* SSZipArchive.m in Sources */,
				D085146E20EA6DF300A331C5 /* KeychainHelper.swift in Sources */,
				05ECDEE420F9E7CE0075DBB3 /* AddLeaderViewController.swift in Sources */,
				D0FEB74120E147AF009CB82E /* ioapi_mem.c in Sources */,
				D0FEB73F20E147AF009CB82E /* ioapi.c in Sources */,
				D0B7C47620EC8DE7004DE8F3 /* UserAccount.swift in Sources */,
				D0DB6AF020DA949D00BBE8F0 /* TitleBarHeight.swift in Sources */,
				D0A7661F20E27033001B4317 /* DescriptionViewController.swift in Sources */,
			);
			runOnlyForDeploymentPostprocessing = 0;
		};
/* End PBXSourcesBuildPhase section */

/* Begin PBXVariantGroup section */
		D025730720D8A1E30078AE89 /* Main.storyboard */ = {
			isa = PBXVariantGroup;
			children = (
				D025730820D8A1E30078AE89 /* Base */,
			);
			name = Main.storyboard;
			sourceTree = "<group>";
		};
		D025730C20D8A1E40078AE89 /* LaunchScreen.storyboard */ = {
			isa = PBXVariantGroup;
			children = (
				D025730D20D8A1E40078AE89 /* Base */,
			);
			name = LaunchScreen.storyboard;
			sourceTree = "<group>";
		};
		D0DFCEDD20D8A41300DBB70E /* Main.storyboard */ = {
			isa = PBXVariantGroup;
			children = (
				D0DFCEDE20D8A41300DBB70E /* Base */,
			);
			name = Main.storyboard;
			sourceTree = "<group>";
		};
/* End PBXVariantGroup section */

/* Begin XCBuildConfiguration section */
		D025731020D8A1E40078AE89 /* Debug */ = {
			isa = XCBuildConfiguration;
			buildSettings = {
				ALWAYS_SEARCH_USER_PATHS = NO;
				CLANG_ANALYZER_NONNULL = YES;
				CLANG_ANALYZER_NUMBER_OBJECT_CONVERSION = YES_AGGRESSIVE;
				CLANG_CXX_LANGUAGE_STANDARD = "gnu++14";
				CLANG_CXX_LIBRARY = "libc++";
				CLANG_ENABLE_MODULES = YES;
				CLANG_ENABLE_OBJC_ARC = YES;
				CLANG_ENABLE_OBJC_WEAK = YES;
				CLANG_WARN_BLOCK_CAPTURE_AUTORELEASING = YES;
				CLANG_WARN_BOOL_CONVERSION = YES;
				CLANG_WARN_COMMA = YES;
				CLANG_WARN_CONSTANT_CONVERSION = YES;
				CLANG_WARN_DEPRECATED_OBJC_IMPLEMENTATIONS = YES;
				CLANG_WARN_DIRECT_OBJC_ISA_USAGE = YES_ERROR;
				CLANG_WARN_DOCUMENTATION_COMMENTS = YES;
				CLANG_WARN_EMPTY_BODY = YES;
				CLANG_WARN_ENUM_CONVERSION = YES;
				CLANG_WARN_INFINITE_RECURSION = YES;
				CLANG_WARN_INT_CONVERSION = YES;
				CLANG_WARN_NON_LITERAL_NULL_CONVERSION = YES;
				CLANG_WARN_OBJC_IMPLICIT_RETAIN_SELF = YES;
				CLANG_WARN_OBJC_LITERAL_CONVERSION = YES;
				CLANG_WARN_OBJC_ROOT_CLASS = YES_ERROR;
				CLANG_WARN_RANGE_LOOP_ANALYSIS = YES;
				CLANG_WARN_STRICT_PROTOTYPES = YES;
				CLANG_WARN_SUSPICIOUS_MOVE = YES;
				CLANG_WARN_UNGUARDED_AVAILABILITY = YES_AGGRESSIVE;
				CLANG_WARN_UNREACHABLE_CODE = YES;
				CLANG_WARN__DUPLICATE_METHOD_MATCH = YES;
				CODE_SIGN_IDENTITY = "iPhone Developer";
				COPY_PHASE_STRIP = NO;
				DEBUG_INFORMATION_FORMAT = dwarf;
				ENABLE_STRICT_OBJC_MSGSEND = YES;
				ENABLE_TESTABILITY = YES;
				GCC_C_LANGUAGE_STANDARD = gnu11;
				GCC_DYNAMIC_NO_PIC = NO;
				GCC_NO_COMMON_BLOCKS = YES;
				GCC_OPTIMIZATION_LEVEL = 0;
				GCC_PREPROCESSOR_DEFINITIONS = (
					"DEBUG=1",
					"$(inherited)",
				);
				GCC_WARN_64_TO_32_BIT_CONVERSION = YES;
				GCC_WARN_ABOUT_RETURN_TYPE = YES_ERROR;
				GCC_WARN_UNDECLARED_SELECTOR = YES;
				GCC_WARN_UNINITIALIZED_AUTOS = YES_AGGRESSIVE;
				GCC_WARN_UNUSED_FUNCTION = YES;
				GCC_WARN_UNUSED_VARIABLE = YES;
				IPHONEOS_DEPLOYMENT_TARGET = 11.0;
				MACOSX_DEPLOYMENT_TARGET = 10.13;
				MTL_ENABLE_DEBUG_INFO = INCLUDE_SOURCE;
				ONLY_ACTIVE_ARCH = YES;
				SDKROOT = iphoneos;
				SWIFT_ACTIVE_COMPILATION_CONDITIONS = DEBUG;
				SWIFT_OPTIMIZATION_LEVEL = "-Onone";
			};
			name = Debug;
		};
		D025731120D8A1E40078AE89 /* Release */ = {
			isa = XCBuildConfiguration;
			buildSettings = {
				ALWAYS_SEARCH_USER_PATHS = NO;
				CLANG_ANALYZER_NONNULL = YES;
				CLANG_ANALYZER_NUMBER_OBJECT_CONVERSION = YES_AGGRESSIVE;
				CLANG_CXX_LANGUAGE_STANDARD = "gnu++14";
				CLANG_CXX_LIBRARY = "libc++";
				CLANG_ENABLE_MODULES = YES;
				CLANG_ENABLE_OBJC_ARC = YES;
				CLANG_ENABLE_OBJC_WEAK = YES;
				CLANG_WARN_BLOCK_CAPTURE_AUTORELEASING = YES;
				CLANG_WARN_BOOL_CONVERSION = YES;
				CLANG_WARN_COMMA = YES;
				CLANG_WARN_CONSTANT_CONVERSION = YES;
				CLANG_WARN_DEPRECATED_OBJC_IMPLEMENTATIONS = YES;
				CLANG_WARN_DIRECT_OBJC_ISA_USAGE = YES_ERROR;
				CLANG_WARN_DOCUMENTATION_COMMENTS = YES;
				CLANG_WARN_EMPTY_BODY = YES;
				CLANG_WARN_ENUM_CONVERSION = YES;
				CLANG_WARN_INFINITE_RECURSION = YES;
				CLANG_WARN_INT_CONVERSION = YES;
				CLANG_WARN_NON_LITERAL_NULL_CONVERSION = YES;
				CLANG_WARN_OBJC_IMPLICIT_RETAIN_SELF = YES;
				CLANG_WARN_OBJC_LITERAL_CONVERSION = YES;
				CLANG_WARN_OBJC_ROOT_CLASS = YES_ERROR;
				CLANG_WARN_RANGE_LOOP_ANALYSIS = YES;
				CLANG_WARN_STRICT_PROTOTYPES = YES;
				CLANG_WARN_SUSPICIOUS_MOVE = YES;
				CLANG_WARN_UNGUARDED_AVAILABILITY = YES_AGGRESSIVE;
				CLANG_WARN_UNREACHABLE_CODE = YES;
				CLANG_WARN__DUPLICATE_METHOD_MATCH = YES;
				CODE_SIGN_IDENTITY = "iPhone Developer";
				COPY_PHASE_STRIP = NO;
				DEBUG_INFORMATION_FORMAT = "dwarf-with-dsym";
				ENABLE_NS_ASSERTIONS = NO;
				ENABLE_STRICT_OBJC_MSGSEND = YES;
				GCC_C_LANGUAGE_STANDARD = gnu11;
				GCC_NO_COMMON_BLOCKS = YES;
				GCC_WARN_64_TO_32_BIT_CONVERSION = YES;
				GCC_WARN_ABOUT_RETURN_TYPE = YES_ERROR;
				GCC_WARN_UNDECLARED_SELECTOR = YES;
				GCC_WARN_UNINITIALIZED_AUTOS = YES_AGGRESSIVE;
				GCC_WARN_UNUSED_FUNCTION = YES;
				GCC_WARN_UNUSED_VARIABLE = YES;
				IPHONEOS_DEPLOYMENT_TARGET = 11.0;
				MACOSX_DEPLOYMENT_TARGET = 10.13;
				MTL_ENABLE_DEBUG_INFO = NO;
				SDKROOT = iphoneos;
				SWIFT_COMPILATION_MODE = wholemodule;
				SWIFT_OPTIMIZATION_LEVEL = "-O";
				VALIDATE_PRODUCT = YES;
			};
			name = Release;
		};
		D025731320D8A1E40078AE89 /* Debug */ = {
			isa = XCBuildConfiguration;
			buildSettings = {
				ASSETCATALOG_COMPILER_APPICON_NAME = AppIcon;
				CODE_SIGN_STYLE = Automatic;
				DEVELOPMENT_TEAM = EUX5R9PE3W;
				INFOPLIST_FILE = "EA Center/Info.plist";
				IPHONEOS_DEPLOYMENT_TARGET = 11.0;
				LD_RUNPATH_SEARCH_PATHS = (
					"$(inherited)",
					"@executable_path/Frameworks",
				);
				PRODUCT_BUNDLE_IDENTIFIER = "tomandjerry.EA-Center";
				PRODUCT_NAME = "$(TARGET_NAME)";
				SWIFT_OBJC_BRIDGING_HEADER = "EA Center/EA-Center-Bridging-Header.h";
				SWIFT_VERSION = 4.2;
				TARGETED_DEVICE_FAMILY = "1,2";
			};
			name = Debug;
		};
		D025731420D8A1E40078AE89 /* Release */ = {
			isa = XCBuildConfiguration;
			buildSettings = {
				ASSETCATALOG_COMPILER_APPICON_NAME = AppIcon;
				CODE_SIGN_STYLE = Automatic;
				DEVELOPMENT_TEAM = EUX5R9PE3W;
				INFOPLIST_FILE = "EA Center/Info.plist";
				IPHONEOS_DEPLOYMENT_TARGET = 11.0;
				LD_RUNPATH_SEARCH_PATHS = (
					"$(inherited)",
					"@executable_path/Frameworks",
				);
				PRODUCT_BUNDLE_IDENTIFIER = "tomandjerry.EA-Center";
				PRODUCT_NAME = "$(TARGET_NAME)";
				SWIFT_OBJC_BRIDGING_HEADER = "EA Center/EA-Center-Bridging-Header.h";
				SWIFT_VERSION = 4.2;
				TARGETED_DEVICE_FAMILY = "1,2";
			};
			name = Release;
		};
		D0DFCEE220D8A41300DBB70E /* Debug */ = {
			isa = XCBuildConfiguration;
			buildSettings = {
				ASSETCATALOG_COMPILER_APPICON_NAME = AppIcon;
				CODE_SIGN_ENTITLEMENTS = "EA Center Mac/EA Center Mac.entitlements";
				CODE_SIGN_IDENTITY = "Mac Developer";
				CODE_SIGN_STYLE = Automatic;
				COMBINE_HIDPI_IMAGES = YES;
				DEVELOPMENT_TEAM = EUX5R9PE3W;
				FRAMEWORK_SEARCH_PATHS = (
					"$(inherited)",
					"$(PROJECT_DIR)",
				);
				INFOPLIST_FILE = "EA Center Mac/Info.plist";
				LD_RUNPATH_SEARCH_PATHS = (
					"$(inherited)",
					"@executable_path/../Frameworks",
				);
				MACOSX_DEPLOYMENT_TARGET = 10.13;
				PRODUCT_BUNDLE_IDENTIFIER = "tomandjerry.EA-Center-Mac";
				PRODUCT_NAME = "$(TARGET_NAME)";
				SDKROOT = macosx;
				SWIFT_OBJC_BRIDGING_HEADER = "EA Center Mac/EA-Center-Mac-Bridging-Header.h";
				SWIFT_VERSION = 4.2;
			};
			name = Debug;
		};
		D0DFCEE320D8A41300DBB70E /* Release */ = {
			isa = XCBuildConfiguration;
			buildSettings = {
				ASSETCATALOG_COMPILER_APPICON_NAME = AppIcon;
				CODE_SIGN_ENTITLEMENTS = "EA Center Mac/EA Center Mac.entitlements";
				CODE_SIGN_IDENTITY = "Mac Developer";
				CODE_SIGN_STYLE = Automatic;
				COMBINE_HIDPI_IMAGES = YES;
				DEVELOPMENT_TEAM = EUX5R9PE3W;
				FRAMEWORK_SEARCH_PATHS = (
					"$(inherited)",
					"$(PROJECT_DIR)",
				);
				INFOPLIST_FILE = "EA Center Mac/Info.plist";
				LD_RUNPATH_SEARCH_PATHS = (
					"$(inherited)",
					"@executable_path/../Frameworks",
				);
				MACOSX_DEPLOYMENT_TARGET = 10.13;
				PRODUCT_BUNDLE_IDENTIFIER = "tomandjerry.EA-Center-Mac";
				PRODUCT_NAME = "$(TARGET_NAME)";
				SDKROOT = macosx;
				SWIFT_OBJC_BRIDGING_HEADER = "EA Center Mac/EA-Center-Mac-Bridging-Header.h";
				SWIFT_VERSION = 4.2;
			};
			name = Release;
		};
/* End XCBuildConfiguration section */

/* Begin XCConfigurationList section */
		D02572FB20D8A1E30078AE89 /* Build configuration list for PBXProject "EA Center" */ = {
			isa = XCConfigurationList;
			buildConfigurations = (
				D025731020D8A1E40078AE89 /* Debug */,
				D025731120D8A1E40078AE89 /* Release */,
			);
			defaultConfigurationIsVisible = 0;
			defaultConfigurationName = Release;
		};
		D025731220D8A1E40078AE89 /* Build configuration list for PBXNativeTarget "EA Center" */ = {
			isa = XCConfigurationList;
			buildConfigurations = (
				D025731320D8A1E40078AE89 /* Debug */,
				D025731420D8A1E40078AE89 /* Release */,
			);
			defaultConfigurationIsVisible = 0;
			defaultConfigurationName = Release;
		};
		D0DFCEE420D8A41300DBB70E /* Build configuration list for PBXNativeTarget "EA Center Mac" */ = {
			isa = XCConfigurationList;
			buildConfigurations = (
				D0DFCEE220D8A41300DBB70E /* Debug */,
				D0DFCEE320D8A41300DBB70E /* Release */,
			);
			defaultConfigurationIsVisible = 0;
			defaultConfigurationName = Release;
		};
/* End XCConfigurationList section */
	};
	rootObject = D02572F820D8A1E30078AE89 /* Project object */;
}
